
Microsoft Visual Studio Solution File, Format Version 12.00
# Visual Studio Version 17
VisualStudioVersion = 17.12.35527.113
MinimumVisualStudioVersion = 10.0.40219.1
Project("{FAE04EC0-301F-11D3-BF4B-00C04F79EFBC}") = "Assignment 01", "Assignment 01.csproj", "{920DCB38-3BB7-4822-BC14-4AE9941446E6}"
EndProject
Project("{FAE04EC0-301F-11D3-BF4B-00C04F79EFBC}") = "Assignment 02", "..\Assignment 02\Assignment 02.csproj", "{77F058C1-0B36-4E31-AB0E-E845E888E30C}"
EndProject
Project("{FAE04EC0-301F-11D3-BF4B-00C04F79EFBC}") = "Assignment 03", "..\Assignment 03\Assignment 03.csproj", "{2F90FC1F-45B9-4438-9A3D-63D203D0B961}"
EndProject
Project("{FAE04EC0-301F-11D3-BF4B-00C04F79EFBC}") = "Assignment 04", "..\Assignment 04\Assignment 04.csproj", "{24412319-131F-4D5B-96A0-1C86891F96CD}"
EndProject
Project("{FAE04EC0-301F-11D3-BF4B-00C04F79EFBC}") = "Assignment 05", "..\Assignment 05\Assignment 05.csproj", "{450718CE-5866-40EC-935C-D88263EB09E7}"
EndProject
Project("{FAE04EC0-301F-11D3-BF4B-00C04F79EFBC}") = "Assignment 06", "..\Assignment 06\Assignment 06.csproj", "{77F1E7A8-CB0A-4913-B6B8-7484FB75F796}"
EndProject
Project("{FAE04EC0-301F-11D3-BF4B-00C04F79EFBC}") = "Assignment 07", "..\Assignment 07\Assignment 07.csproj", "{8AF03DAA-4AC2-4698-9AB7-D2F3C3F595AF}"
EndProject
Project("{FAE04EC0-301F-11D3-BF4B-00C04F79EFBC}") = "Assignment 08", "..\Assignment 08\Assignment 08.csproj", "{46F160DF-38B7-4B47-B73C-024FCC5BCD5B}"
EndProject
Project("{FAE04EC0-301F-11D3-BF4B-00C04F79EFBC}") = "Assignment 09", "..\Assignment 09\Assignment 09.csproj", "{E67FF5E0-BECB-42C9-A3C5-9A506359D37E}"
EndProject
Project("{FAE04EC0-301F-11D3-BF4B-00C04F79EFBC}") = "Assignment 10", "..\Assignment 10\Assignment 10.csproj", "{F54ABED2-244F-4E5B-9C6E-C9F3E05EF229}"
EndProject
Global
	GlobalSection(SolutionConfigurationPlatforms) = preSolution
		Debug|Any CPU = Debug|Any CPU
		Release|Any CPU = Release|Any CPU
	EndGlobalSection
	GlobalSection(ProjectConfigurationPlatforms) = postSolution
		{920DCB38-3BB7-4822-BC14-4AE9941446E6}.Debug|Any CPU.ActiveCfg = Debug|Any CPU
		{920DCB38-3BB7-4822-BC14-4AE9941446E6}.Debug|Any CPU.Build.0 = Debug|Any CPU
		{920DCB38-3BB7-4822-BC14-4AE9941446E6}.Release|Any CPU.ActiveCfg = Release|Any CPU
		{920DCB38-3BB7-4822-BC14-4AE9941446E6}.Release|Any CPU.Build.0 = Release|Any CPU
		{77F058C1-0B36-4E31-AB0E-E845E888E30C}.Debug|Any CPU.ActiveCfg = Debug|Any CPU
		{77F058C1-0B36-4E31-AB0E-E845E888E30C}.Debug|Any CPU.Build.0 = Debug|Any CPU
		{77F058C1-0B36-4E31-AB0E-E845E888E30C}.Release|Any CPU.ActiveCfg = Release|Any CPU
		{77F058C1-0B36-4E31-AB0E-E845E888E30C}.Release|Any CPU.Build.0 = Release|Any CPU
		{2F90FC1F-45B9-4438-9A3D-63D203D0B961}.Debug|Any CPU.ActiveCfg = Debug|Any CPU
		{2F90FC1F-45B9-4438-9A3D-63D203D0B961}.Debug|Any CPU.Build.0 = Debug|Any CPU
		{2F90FC1F-45B9-4438-9A3D-63D203D0B961}.Release|Any CPU.ActiveCfg = Release|Any CPU
		{2F90FC1F-45B9-4438-9A3D-63D203D0B961}.Release|Any CPU.Build.0 = Release|Any CPU
		{24412319-131F-4D5B-96A0-1C86891F96CD}.Debug|Any CPU.ActiveCfg = Debug|Any CPU
		{24412319-131F-4D5B-96A0-1C86891F96CD}.Debug|Any CPU.Build.0 = Debug|Any CPU
		{24412319-131F-4D5B-96A0-1C86891F96CD}.Release|Any CPU.ActiveCfg = Release|Any CPU
		{24412319-131F-4D5B-96A0-1C86891F96CD}.Release|Any CPU.Build.0 = Release|Any CPU
		{450718CE-5866-40EC-935C-D88263EB09E7}.Debug|Any CPU.ActiveCfg = Debug|Any CPU
		{450718CE-5866-40EC-935C-D88263EB09E7}.Debug|Any CPU.Build.0 = Debug|Any CPU
		{450718CE-5866-40EC-935C-D88263EB09E7}.Release|Any CPU.ActiveCfg = Release|Any CPU
		{450718CE-5866-40EC-935C-D88263EB09E7}.Release|Any CPU.Build.0 = Release|Any CPU
		{77F1E7A8-CB0A-4913-B6B8-7484FB75F796}.Debug|Any CPU.ActiveCfg = Debug|Any CPU
		{77F1E7A8-CB0A-4913-B6B8-7484FB75F796}.Debug|Any CPU.Build.0 = Debug|Any CPU
		{77F1E7A8-CB0A-4913-B6B8-7484FB75F796}.Release|Any CPU.ActiveCfg = Release|Any CPU
		{77F1E7A8-CB0A-4913-B6B8-7484FB75F796}.Release|Any CPU.Build.0 = Release|Any CPU
		{8AF03DAA-4AC2-4698-9AB7-D2F3C3F595AF}.Debug|Any CPU.ActiveCfg = Debug|Any CPU
		{8AF03DAA-4AC2-4698-9AB7-D2F3C3F595AF}.Debug|Any CPU.Build.0 = Debug|Any CPU
		{8AF03DAA-4AC2-4698-9AB7-D2F3C3F595AF}.Release|Any CPU.ActiveCfg = Release|Any CPU
		{8AF03DAA-4AC2-4698-9AB7-D2F3C3F595AF}.Release|Any CPU.Build.0 = Release|Any CPU
		{46F160DF-38B7-4B47-B73C-024FCC5BCD5B}.Debug|Any CPU.ActiveCfg = Debug|Any CPU
		{46F160DF-38B7-4B47-B73C-024FCC5BCD5B}.Debug|Any CPU.Build.0 = Debug|Any CPU
		{46F160DF-38B7-4B47-B73C-024FCC5BCD5B}.Release|Any CPU.ActiveCfg = Release|Any CPU
		{46F160DF-38B7-4B47-B73C-024FCC5BCD5B}.Release|Any CPU.Build.0 = Release|Any CPU
		{E67FF5E0-BECB-42C9-A3C5-9A506359D37E}.Debug|Any CPU.ActiveCfg = Debug|Any CPU
		{E67FF5E0-BECB-42C9-A3C5-9A506359D37E}.Debug|Any CPU.Build.0 = Debug|Any CPU
		{E67FF5E0-BECB-42C9-A3C5-9A506359D37E}.Release|Any CPU.ActiveCfg = Release|Any CPU
		{E67FF5E0-BECB-42C9-A3C5-9A506359D37E}.Release|Any CPU.Build.0 = Release|Any CPU
		{F54ABED2-244F-4E5B-9C6E-C9F3E05EF229}.Debug|Any CPU.ActiveCfg = Debug|Any CPU
		{F54ABED2-244F-4E5B-9C6E-C9F3E05EF229}.Debug|Any CPU.Build.0 = Debug|Any CPU
		{F54ABED2-244F-4E5B-9C6E-C9F3E05EF229}.Release|Any CPU.ActiveCfg = Release|Any CPU
		{F54ABED2-244F-4E5B-9C6E-C9F3E05EF229}.Release|Any CPU.Build.0 = Release|Any CPU
	EndGlobalSection
	GlobalSection(SolutionProperties) = preSolution
		HideSolutionNode = FALSE
	EndGlobalSection
EndGlobal
