
Microsoft Visual Studio Solution File, Format Version 12.00
# Visual Studio Version 17
VisualStudioVersion = 17.12.35527.113
MinimumVisualStudioVersion = 10.0.40219.1
Project("{FAE04EC0-301F-11D3-BF4B-00C04F79EFBC}") = "Assignment 01", "Assignment 01.csproj", "{920DCB38-3BB7-4822-BC14-4AE9941446E6}"
EndProject
Project("{FAE04EC0-301F-11D3-BF4B-00C04F79EFBC}") = "Assignment 02", "..\Assignment 02\Assignment 02.csproj", "{77F058C1-0B36-4E31-AB0E-E845E888E30C}"
EndProject
Project("{FAE04EC0-301F-11D3-BF4B-00C04F79EFBC}") = "Assignment 03", "..\Assignment 03\Assignment 03.csproj", "{2F90FC1F-45B9-4438-9A3D-63D203D0B961}"
EndProject
Global
	GlobalSection(SolutionConfigurationPlatforms) = preSolution
		Debug|Any CPU = Debug|Any CPU
		Release|Any CPU = Release|Any CPU
	EndGlobalSection
	GlobalSection(ProjectConfigurationPlatforms) = postSolution
		{920DCB38-3BB7-4822-BC14-4AE9941446E6}.Debug|Any CPU.ActiveCfg = Debug|Any CPU
		{920DCB38-3BB7-4822-BC14-4AE9941446E6}.Debug|Any CPU.Build.0 = Debug|Any CPU
		{920DCB38-3BB7-4822-BC14-4AE9941446E6}.Release|Any CPU.ActiveCfg = Release|Any CPU
		{920DCB38-3BB7-4822-BC14-4AE9941446E6}.Release|Any CPU.Build.0 = Release|Any CPU
		{77F058C1-0B36-4E31-AB0E-E845E888E30C}.Debug|Any CPU.ActiveCfg = Debug|Any CPU
		{77F058C1-0B36-4E31-AB0E-E845E888E30C}.Debug|Any CPU.Build.0 = Debug|Any CPU
		{77F058C1-0B36-4E31-AB0E-E845E888E30C}.Release|Any CPU.ActiveCfg = Release|Any CPU
		{77F058C1-0B36-4E31-AB0E-E845E888E30C}.Release|Any CPU.Build.0 = Release|Any CPU
		{2F90FC1F-45B9-4438-9A3D-63D203D0B961}.Debug|Any CPU.ActiveCfg = Debug|Any CPU
		{2F90FC1F-45B9-4438-9A3D-63D203D0B961}.Debug|Any CPU.Build.0 = Debug|Any CPU
		{2F90FC1F-45B9-4438-9A3D-63D203D0B961}.Release|Any CPU.ActiveCfg = Release|Any CPU
		{2F90FC1F-45B9-4438-9A3D-63D203D0B961}.Release|Any CPU.Build.0 = Release|Any CPU
	EndGlobalSection
	GlobalSection(SolutionProperties) = preSolution
		HideSolutionNode = FALSE
	EndGlobalSection
EndGlobal
